
Microsoft Visual Studio Solution File, Format Version 12.00
# Visual Studio Version 17
VisualStudioVersion = 17.13.35828.75 d17.13
MinimumVisualStudioVersion = 10.0.40219.1
Project("{FAE04EC0-301F-11D3-BF4B-00C04F79EFBC}") = "Fintual_Task", "Fintual_Task.csproj", "{C4E3D751-3D11-41B5-BD85-A9D887086EB4}"
EndProject
Project("{FAE04EC0-301F-11D3-BF4B-00C04F79EFBC}") = "Fintual_Task.Models", "..\Fintual_Task.Models\Fintual_Task.Models.csproj", "{C69738F2-65D9-4A22-87F5-CA536519343B}"
EndProject
Project("{FAE04EC0-301F-11D3-BF4B-00C04F79EFBC}") = "Fintual_Task.Business", "..\Fintual_Task.Business\Fintual_Task.Business.csproj", "{4188426A-57ED-42C8-BB89-76C97187518F}"
EndProject
Global
	GlobalSection(SolutionConfigurationPlatforms) = preSolution
		Debug|Any CPU = Debug|Any CPU
		Release|Any CPU = Release|Any CPU
	EndGlobalSection
	GlobalSection(ProjectConfigurationPlatforms) = postSolution
		{C4E3D751-3D11-41B5-BD85-A9D887086EB4}.Debug|Any CPU.ActiveCfg = Debug|Any CPU
		{C4E3D751-3D11-41B5-BD85-A9D887086EB4}.Debug|Any CPU.Build.0 = Debug|Any CPU
		{C4E3D751-3D11-41B5-BD85-A9D887086EB4}.Release|Any CPU.ActiveCfg = Release|Any CPU
		{C4E3D751-3D11-41B5-BD85-A9D887086EB4}.Release|Any CPU.Build.0 = Release|Any CPU
		{C69738F2-65D9-4A22-87F5-CA536519343B}.Debug|Any CPU.ActiveCfg = Debug|Any CPU
		{C69738F2-65D9-4A22-87F5-CA536519343B}.Debug|Any CPU.Build.0 = Debug|Any CPU
		{C69738F2-65D9-4A22-87F5-CA536519343B}.Release|Any CPU.ActiveCfg = Release|Any CPU
		{C69738F2-65D9-4A22-87F5-CA536519343B}.Release|Any CPU.Build.0 = Release|Any CPU
		{4188426A-57ED-42C8-BB89-76C97187518F}.Debug|Any CPU.ActiveCfg = Debug|Any CPU
		{4188426A-57ED-42C8-BB89-76C97187518F}.Debug|Any CPU.Build.0 = Debug|Any CPU
		{4188426A-57ED-42C8-BB89-76C97187518F}.Release|Any CPU.ActiveCfg = Release|Any CPU
		{4188426A-57ED-42C8-BB89-76C97187518F}.Release|Any CPU.Build.0 = Release|Any CPU
	EndGlobalSection
	GlobalSection(SolutionProperties) = preSolution
		HideSolutionNode = FALSE
	EndGlobalSection
	GlobalSection(ExtensibilityGlobals) = postSolution
		SolutionGuid = {537D3269-2FE2-4928-BAD1-FD91BBAA0F43}
	EndGlobalSection
EndGlobal
